// !$*UTF8*$!
{
	archiveVersion = 1;
	classes = {
	};
	objectVersion = 77;
	objects = {

/* Begin PBXBuildFile section */
		4855162D2E44A977002BC3BD /* Kingfisher in Frameworks */ = {isa = PBXBuildFile; productRef = 4855162C2E44A977002BC3BD /* Kingfisher */; };
		485517B12E48ABDE002BC3BD /* FirebaseAuth in Frameworks */ = {isa = PBXBuildFile; productRef = 485517B02E48ABDE002BC3BD /* FirebaseAuth */; };
		485517B32E48ABDE002BC3BD /* FirebaseFirestore in Frameworks */ = {isa = PBXBuildFile; productRef = 485517B22E48ABDE002BC3BD /* FirebaseFirestore */; };
		487CF1562E59D3FA008C2DA6 /* LoginViewModal.swift in Sources */ = {isa = PBXBuildFile; fileRef = 487CF1552E59D3FA008C2DA6 /* LoginViewModal.swift */; };
		487CF15B2E59E0E5008C2DA6 /* UserDetailsViewModal.swift in Sources */ = {isa = PBXBuildFile; fileRef = 487CF15A2E59E0E5008C2DA6 /* UserDetailsViewModal.swift */; };
		487CF15F2E5A4F3B008C2DA6 /* HomeViewModal.swift in Sources */ = {isa = PBXBuildFile; fileRef = 487CF15E2E5A4F3B008C2DA6 /* HomeViewModal.swift */; };
		487CF1632E5A65E6008C2DA6 /* MyAccountViewModal.swift in Sources */ = {isa = PBXBuildFile; fileRef = 487CF1622E5A65E6008C2DA6 /* MyAccountViewModal.swift */; };
		487CF1662E5A73AB008C2DA6 /* UserDetails.swift in Sources */ = {isa = PBXBuildFile; fileRef = 487CF1652E5A73AB008C2DA6 /* UserDetails.swift */; };
		487CF16E2E5B9CF6008C2DA6 /* AddItemViewModal.swift in Sources */ = {isa = PBXBuildFile; fileRef = 487CF16D2E5B9CF6008C2DA6 /* AddItemViewModal.swift */; };
		48D2195B2E5374D4001343B1 /* Assets.xcassets in Resources */ = {isa = PBXBuildFile; fileRef = 48D219432E5374D4001343B1 /* Assets.xcassets */; };
		48D2195C2E5374D4001343B1 /* GoogleService-Info.plist in Resources */ = {isa = PBXBuildFile; fileRef = 48D219472E5374D4001343B1 /* GoogleService-Info.plist */; };
		48D2195E2E5374D4001343B1 /* LaunchScreen.storyboard in Resources */ = {isa = PBXBuildFile; fileRef = 48D2194B2E5374D4001343B1 /* LaunchScreen.storyboard */; };
		48D2195F2E5374D4001343B1 /* Main.storyboard in Resources */ = {isa = PBXBuildFile; fileRef = 48D2194E2E5374D4001343B1 /* Main.storyboard */; };
		48D219602E5374D4001343B1 /* AddItemViewController.swift in Sources */ = {isa = PBXBuildFile; fileRef = 48D219402E5374D4001343B1 /* AddItemViewController.swift */; };
		48D219612E5374D4001343B1 /* APIManager.swift in Sources */ = {isa = PBXBuildFile; fileRef = 48D219412E5374D4001343B1 /* APIManager.swift */; };
		48D219622E5374D4001343B1 /* AppDelegate.swift in Sources */ = {isa = PBXBuildFile; fileRef = 48D219422E5374D4001343B1 /* AppDelegate.swift */; };
		48D219642E5374D4001343B1 /* CartItem.swift in Sources */ = {isa = PBXBuildFile; fileRef = 48D219452E5374D4001343B1 /* CartItem.swift */; };
		48D219652E5374D4001343B1 /* CartTableViewController.swift in Sources */ = {isa = PBXBuildFile; fileRef = 48D219462E5374D4001343B1 /* CartTableViewController.swift */; };
		48D219662E5374D4001343B1 /* HomeViewController.swift in Sources */ = {isa = PBXBuildFile; fileRef = 48D219482E5374D4001343B1 /* HomeViewController.swift */; };
		48D219672E5374D4001343B1 /* LogInViewController.swift in Sources */ = {isa = PBXBuildFile; fileRef = 48D2194C2E5374D4001343B1 /* LogInViewController.swift */; };
		48D219682E5374D4001343B1 /* Menu.swift in Sources */ = {isa = PBXBuildFile; fileRef = 48D2194F2E5374D4001343B1 /* Menu.swift */; };
		48D2196A2E5374D4001343B1 /* MenuViewController.swift in Sources */ = {isa = PBXBuildFile; fileRef = 48D219512E5374D4001343B1 /* MenuViewController.swift */; };
		48D2196B2E5374D4001343B1 /* MyAccountViewController.swift in Sources */ = {isa = PBXBuildFile; fileRef = 48D219522E5374D4001343B1 /* MyAccountViewController.swift */; };
		48D2196C2E5374D4001343B1 /* NewUserViewController.swift in Sources */ = {isa = PBXBuildFile; fileRef = 48D219532E5374D4001343B1 /* NewUserViewController.swift */; };
		48D2196D2E5374D4001343B1 /* OrderPlacedViewController.swift in Sources */ = {isa = PBXBuildFile; fileRef = 48D219542E5374D4001343B1 /* OrderPlacedViewController.swift */; };
		48D2196F2E5374D4001343B1 /* SceneDelegate.swift in Sources */ = {isa = PBXBuildFile; fileRef = 48D219562E5374D4001343B1 /* SceneDelegate.swift */; };
		48D219702E5374D4001343B1 /* SearchResultViewController.swift in Sources */ = {isa = PBXBuildFile; fileRef = 48D219572E5374D4001343B1 /* SearchResultViewController.swift */; };
		48D219722E5374D4001343B1 /* UserDetailViewController.swift in Sources */ = {isa = PBXBuildFile; fileRef = 48D219592E5374D4001343B1 /* UserDetailViewController.swift */; };
		48D2198B2E55B046001343B1 /* Constant.swift in Sources */ = {isa = PBXBuildFile; fileRef = 48D2198A2E55B046001343B1 /* Constant.swift */; };
		48D2198D2E55BAA6001343B1 /* MenuViewModal.swift in Sources */ = {isa = PBXBuildFile; fileRef = 48D2198C2E55BAA6001343B1 /* MenuViewModal.swift */; };
		48D219902E566072001343B1 /* MenuCollectionViewCell.xib in Resources */ = {isa = PBXBuildFile; fileRef = 48D2198F2E566072001343B1 /* MenuCollectionViewCell.xib */; };
		48D219912E566072001343B1 /* MenuCollectionViewCell.swift in Sources */ = {isa = PBXBuildFile; fileRef = 48D2198E2E566072001343B1 /* MenuCollectionViewCell.swift */; };
		48D219932E566E70001343B1 /* UIImageViewExtension.swift in Sources */ = {isa = PBXBuildFile; fileRef = 48D219922E566E70001343B1 /* UIImageViewExtension.swift */; };
		48D219962E573D77001343B1 /* SearchResultViewModel.swift in Sources */ = {isa = PBXBuildFile; fileRef = 48D219952E573D77001343B1 /* SearchResultViewModel.swift */; };
		48D2199B2E574BB1001343B1 /* MenuTableViewCell.xib in Resources */ = {isa = PBXBuildFile; fileRef = 48D2199A2E574BB1001343B1 /* MenuTableViewCell.xib */; };
		48D2199C2E574BB1001343B1 /* MenuTableViewCell.swift in Sources */ = {isa = PBXBuildFile; fileRef = 48D219992E574BB1001343B1 /* MenuTableViewCell.swift */; };
		48E6E5DF2E5890E40011D47E /* CartViewModal.swift in Sources */ = {isa = PBXBuildFile; fileRef = 48E6E5DE2E5890E40011D47E /* CartViewModal.swift */; };
		48E6E5E12E5892940011D47E /* CartManager.swift in Sources */ = {isa = PBXBuildFile; fileRef = 48E6E5E02E5892940011D47E /* CartManager.swift */; };
		48E6E5E42E5906160011D47E /* CartTableViewCell.swift in Sources */ = {isa = PBXBuildFile; fileRef = 48E6E5E22E5906160011D47E /* CartTableViewCell.swift */; };
		48E6E5E52E5906160011D47E /* CartTableViewCell.xib in Resources */ = {isa = PBXBuildFile; fileRef = 48E6E5E32E5906160011D47E /* CartTableViewCell.xib */; };
		48E6E5E72E5928EE0011D47E /* OrderPlacedViewModal.swift in Sources */ = {isa = PBXBuildFile; fileRef = 48E6E5E62E5928EE0011D47E /* OrderPlacedViewModal.swift */; };
/* End PBXBuildFile section */

/* Begin PBXFileReference section */
		485515EC2E44A826002BC3BD /* CafeOrderApp.app */ = {isa = PBXFileReference; explicitFileType = wrapper.application; includeInIndex = 0; path = CafeOrderApp.app; sourceTree = BUILT_PRODUCTS_DIR; };
		487CF1552E59D3FA008C2DA6 /* LoginViewModal.swift */ = {isa = PBXFileReference; lastKnownFileType = sourcecode.swift; path = LoginViewModal.swift; sourceTree = "<group>"; };
		487CF15A2E59E0E5008C2DA6 /* UserDetailsViewModal.swift */ = {isa = PBXFileReference; lastKnownFileType = sourcecode.swift; path = UserDetailsViewModal.swift; sourceTree = "<group>"; };
		487CF15E2E5A4F3B008C2DA6 /* HomeViewModal.swift */ = {isa = PBXFileReference; lastKnownFileType = sourcecode.swift; path = HomeViewModal.swift; sourceTree = "<group>"; };
		487CF1622E5A65E6008C2DA6 /* MyAccountViewModal.swift */ = {isa = PBXFileReference; lastKnownFileType = sourcecode.swift; path = MyAccountViewModal.swift; sourceTree = "<group>"; };
		487CF1652E5A73AB008C2DA6 /* UserDetails.swift */ = {isa = PBXFileReference; lastKnownFileType = sourcecode.swift; path = UserDetails.swift; sourceTree = "<group>"; };
		487CF16D2E5B9CF6008C2DA6 /* AddItemViewModal.swift */ = {isa = PBXFileReference; lastKnownFileType = sourcecode.swift; path = AddItemViewModal.swift; sourceTree = "<group>"; };
		48D219402E5374D4001343B1 /* AddItemViewController.swift */ = {isa = PBXFileReference; lastKnownFileType = sourcecode.swift; path = AddItemViewController.swift; sourceTree = "<group>"; };
		48D219412E5374D4001343B1 /* APIManager.swift */ = {isa = PBXFileReference; lastKnownFileType = sourcecode.swift; path = APIManager.swift; sourceTree = "<group>"; };
		48D219422E5374D4001343B1 /* AppDelegate.swift */ = {isa = PBXFileReference; lastKnownFileType = sourcecode.swift; path = AppDelegate.swift; sourceTree = "<group>"; };
		48D219432E5374D4001343B1 /* Assets.xcassets */ = {isa = PBXFileReference; lastKnownFileType = folder.assetcatalog; path = Assets.xcassets; sourceTree = "<group>"; };
		48D219452E5374D4001343B1 /* CartItem.swift */ = {isa = PBXFileReference; lastKnownFileType = sourcecode.swift; path = CartItem.swift; sourceTree = "<group>"; };
		48D219462E5374D4001343B1 /* CartTableViewController.swift */ = {isa = PBXFileReference; lastKnownFileType = sourcecode.swift; path = CartTableViewController.swift; sourceTree = "<group>"; };
		48D219472E5374D4001343B1 /* GoogleService-Info.plist */ = {isa = PBXFileReference; lastKnownFileType = text.plist.xml; path = "GoogleService-Info.plist"; sourceTree = "<group>"; };
		48D219482E5374D4001343B1 /* HomeViewController.swift */ = {isa = PBXFileReference; lastKnownFileType = sourcecode.swift; path = HomeViewController.swift; sourceTree = "<group>"; };
		48D219492E5374D4001343B1 /* Info.plist */ = {isa = PBXFileReference; lastKnownFileType = text.plist.xml; path = Info.plist; sourceTree = "<group>"; };
		48D2194A2E5374D4001343B1 /* Base */ = {isa = PBXFileReference; lastKnownFileType = file.storyboard; name = Base; path = Base.lproj/LaunchScreen.storyboard; sourceTree = "<group>"; };
		48D2194C2E5374D4001343B1 /* LogInViewController.swift */ = {isa = PBXFileReference; lastKnownFileType = sourcecode.swift; path = LogInViewController.swift; sourceTree = "<group>"; };
		48D2194D2E5374D4001343B1 /* Base */ = {isa = PBXFileReference; lastKnownFileType = file.storyboard; name = Base; path = Base.lproj/Main.storyboard; sourceTree = "<group>"; };
		48D2194F2E5374D4001343B1 /* Menu.swift */ = {isa = PBXFileReference; lastKnownFileType = sourcecode.swift; path = Menu.swift; sourceTree = "<group>"; };
		48D219512E5374D4001343B1 /* MenuViewController.swift */ = {isa = PBXFileReference; lastKnownFileType = sourcecode.swift; path = MenuViewController.swift; sourceTree = "<group>"; };
		48D219522E5374D4001343B1 /* MyAccountViewController.swift */ = {isa = PBXFileReference; lastKnownFileType = sourcecode.swift; path = MyAccountViewController.swift; sourceTree = "<group>"; };
		48D219532E5374D4001343B1 /* NewUserViewController.swift */ = {isa = PBXFileReference; lastKnownFileType = sourcecode.swift; path = NewUserViewController.swift; sourceTree = "<group>"; };
		48D219542E5374D4001343B1 /* OrderPlacedViewController.swift */ = {isa = PBXFileReference; lastKnownFileType = sourcecode.swift; path = OrderPlacedViewController.swift; sourceTree = "<group>"; };
		48D219562E5374D4001343B1 /* SceneDelegate.swift */ = {isa = PBXFileReference; lastKnownFileType = sourcecode.swift; path = SceneDelegate.swift; sourceTree = "<group>"; };
		48D219572E5374D4001343B1 /* SearchResultViewController.swift */ = {isa = PBXFileReference; lastKnownFileType = sourcecode.swift; path = SearchResultViewController.swift; sourceTree = "<group>"; };
		48D219592E5374D4001343B1 /* UserDetailViewController.swift */ = {isa = PBXFileReference; lastKnownFileType = sourcecode.swift; path = UserDetailViewController.swift; sourceTree = "<group>"; };
		48D2198A2E55B046001343B1 /* Constant.swift */ = {isa = PBXFileReference; lastKnownFileType = sourcecode.swift; path = Constant.swift; sourceTree = "<group>"; };
		48D2198C2E55BAA6001343B1 /* MenuViewModal.swift */ = {isa = PBXFileReference; lastKnownFileType = sourcecode.swift; path = MenuViewModal.swift; sourceTree = "<group>"; };
		48D2198E2E566072001343B1 /* MenuCollectionViewCell.swift */ = {isa = PBXFileReference; lastKnownFileType = sourcecode.swift; path = MenuCollectionViewCell.swift; sourceTree = "<group>"; };
		48D2198F2E566072001343B1 /* MenuCollectionViewCell.xib */ = {isa = PBXFileReference; lastKnownFileType = file.xib; path = MenuCollectionViewCell.xib; sourceTree = "<group>"; };
		48D219922E566E70001343B1 /* UIImageViewExtension.swift */ = {isa = PBXFileReference; lastKnownFileType = sourcecode.swift; path = UIImageViewExtension.swift; sourceTree = "<group>"; };
		48D219952E573D77001343B1 /* SearchResultViewModel.swift */ = {isa = PBXFileReference; lastKnownFileType = sourcecode.swift; path = SearchResultViewModel.swift; sourceTree = "<group>"; };
		48D219992E574BB1001343B1 /* MenuTableViewCell.swift */ = {isa = PBXFileReference; lastKnownFileType = sourcecode.swift; path = MenuTableViewCell.swift; sourceTree = "<group>"; };
		48D2199A2E574BB1001343B1 /* MenuTableViewCell.xib */ = {isa = PBXFileReference; lastKnownFileType = file.xib; path = MenuTableViewCell.xib; sourceTree = "<group>"; };
		48E6E5DE2E5890E40011D47E /* CartViewModal.swift */ = {isa = PBXFileReference; lastKnownFileType = sourcecode.swift; path = CartViewModal.swift; sourceTree = "<group>"; };
		48E6E5E02E5892940011D47E /* CartManager.swift */ = {isa = PBXFileReference; lastKnownFileType = sourcecode.swift; path = CartManager.swift; sourceTree = "<group>"; };
		48E6E5E22E5906160011D47E /* CartTableViewCell.swift */ = {isa = PBXFileReference; lastKnownFileType = sourcecode.swift; path = CartTableViewCell.swift; sourceTree = "<group>"; };
		48E6E5E32E5906160011D47E /* CartTableViewCell.xib */ = {isa = PBXFileReference; lastKnownFileType = file.xib; path = CartTableViewCell.xib; sourceTree = "<group>"; };
		48E6E5E62E5928EE0011D47E /* OrderPlacedViewModal.swift */ = {isa = PBXFileReference; lastKnownFileType = sourcecode.swift; path = OrderPlacedViewModal.swift; sourceTree = "<group>"; };
/* End PBXFileReference section */

/* Begin PBXFrameworksBuildPhase section */
		485515E92E44A826002BC3BD /* Frameworks */ = {
			isa = PBXFrameworksBuildPhase;
			buildActionMask = 2147483647;
			files = (
				4855162D2E44A977002BC3BD /* Kingfisher in Frameworks */,
				485517B12E48ABDE002BC3BD /* FirebaseAuth in Frameworks */,
				485517B32E48ABDE002BC3BD /* FirebaseFirestore in Frameworks */,
			);
			runOnlyForDeploymentPostprocessing = 0;
		};
/* End PBXFrameworksBuildPhase section */

/* Begin PBXGroup section */
		485515E32E44A825002BC3BD = {
			isa = PBXGroup;
			children = (
				48D2195A2E5374D4001343B1 /* CafeOrderApp */,
				485515ED2E44A826002BC3BD /* Products */,
			);
			sourceTree = "<group>";
		};
		485515ED2E44A826002BC3BD /* Products */ = {
			isa = PBXGroup;
			children = (
				485515EC2E44A826002BC3BD /* CafeOrderApp.app */,
			);
			name = Products;
			sourceTree = "<group>";
		};
		487CF1522E59D349008C2DA6 /* View */ = {
			isa = PBXGroup;
			children = (
				48D219532E5374D4001343B1 /* NewUserViewController.swift */,
			);
			path = View;
			sourceTree = "<group>";
		};
		487CF1532E59D3C2008C2DA6 /* View */ = {
			isa = PBXGroup;
			children = (
				48D2194C2E5374D4001343B1 /* LogInViewController.swift */,
			);
			path = View;
			sourceTree = "<group>";
		};
		487CF1542E59D3CB008C2DA6 /* ViewModal */ = {
			isa = PBXGroup;
			children = (
				487CF1552E59D3FA008C2DA6 /* LoginViewModal.swift */,
			);
			path = ViewModal;
			sourceTree = "<group>";
		};
		487CF1582E59E0B6008C2DA6 /* View */ = {
			isa = PBXGroup;
			children = (
				48D219592E5374D4001343B1 /* UserDetailViewController.swift */,
			);
			path = View;
			sourceTree = "<group>";
		};
		487CF1592E59E0BD008C2DA6 /* ViewModal */ = {
			isa = PBXGroup;
			children = (
				487CF15A2E59E0E5008C2DA6 /* UserDetailsViewModal.swift */,
			);
			path = ViewModal;
			sourceTree = "<group>";
		};
		487CF15C2E5A4EEF008C2DA6 /* View */ = {
			isa = PBXGroup;
			children = (
				48D219482E5374D4001343B1 /* HomeViewController.swift */,
			);
			path = View;
			sourceTree = "<group>";
		};
		487CF15D2E5A4F21008C2DA6 /* ViewModal */ = {
			isa = PBXGroup;
			children = (
				487CF15E2E5A4F3B008C2DA6 /* HomeViewModal.swift */,
			);
			path = ViewModal;
			sourceTree = "<group>";
		};
		487CF1602E5A65BD008C2DA6 /* View */ = {
			isa = PBXGroup;
			children = (
				48D219522E5374D4001343B1 /* MyAccountViewController.swift */,
			);
			path = View;
			sourceTree = "<group>";
		};
		487CF1612E5A65C6008C2DA6 /* ViewModal */ = {
			isa = PBXGroup;
			children = (
				487CF1622E5A65E6008C2DA6 /* MyAccountViewModal.swift */,
			);
			path = ViewModal;
			sourceTree = "<group>";
		};
		487CF1642E5A7387008C2DA6 /* Model */ = {
			isa = PBXGroup;
			children = (
				487CF1652E5A73AB008C2DA6 /* UserDetails.swift */,
			);
			path = Model;
			sourceTree = "<group>";
		};
		487CF16A2E5B9C65008C2DA6 /* Add Item */ = {
			isa = PBXGroup;
			children = (
				487CF16C2E5B9C96008C2DA6 /* View */,
				487CF16B2E5B9C93008C2DA6 /* ViewModal */,
			);
			path = "Add Item";
			sourceTree = "<group>";
		};
		487CF16B2E5B9C93008C2DA6 /* ViewModal */ = {
			isa = PBXGroup;
			children = (
				487CF16D2E5B9CF6008C2DA6 /* AddItemViewModal.swift */,
			);
			path = ViewModal;
			sourceTree = "<group>";
		};
		487CF16C2E5B9C96008C2DA6 /* View */ = {
			isa = PBXGroup;
			children = (
				48D219402E5374D4001343B1 /* AddItemViewController.swift */,
			);
			path = View;
			sourceTree = "<group>";
		};
		48D2195A2E5374D4001343B1 /* CafeOrderApp */ = {
			isa = PBXGroup;
			children = (
				48D219792E5374EA001343B1 /* Application */,
				48D219772E5374E4001343B1 /* Constant */,
				48D219782E5374E7001343B1 /* Extensions */,
				48D219762E5374E2001343B1 /* Helper */,
				48D219752E5374DF001343B1 /* Screens */,
				48D219742E5374DB001343B1 /* Storyboard */,
				48D219732E5374D8001343B1 /* Resources */,
				48D219472E5374D4001343B1 /* GoogleService-Info.plist */,
				48D219492E5374D4001343B1 /* Info.plist */,
			);
			path = CafeOrderApp;
			sourceTree = "<group>";
		};
		48D219732E5374D8001343B1 /* Resources */ = {
			isa = PBXGroup;
			children = (
				48D219432E5374D4001343B1 /* Assets.xcassets */,
			);
			path = Resources;
			sourceTree = "<group>";
		};
		48D219742E5374DB001343B1 /* Storyboard */ = {
			isa = PBXGroup;
			children = (
				48D2194E2E5374D4001343B1 /* Main.storyboard */,
				48D2194B2E5374D4001343B1 /* LaunchScreen.storyboard */,
			);
			path = Storyboard;
			sourceTree = "<group>";
		};
		48D219752E5374DF001343B1 /* Screens */ = {
			isa = PBXGroup;
			children = (
				48E6E5ED2E592E800011D47E /* Launch */,
				48E6E5EB2E592DE90011D47E /* New User */,
				48E6E5EA2E592D1B0011D47E /* Login Signup */,
				48E6E5EC2E592DEC0011D47E /* User Details */,
				48E6E5E82E592D130011D47E /* Home */,
				48D2197C2E537681001343B1 /* Menu Home */,
				48D2197B2E53767E001343B1 /* Detailed Menu */,
				487CF16A2E5B9C65008C2DA6 /* Add Item */,
				48D2197A2E537679001343B1 /* Cart */,
				48D2197D2E537684001343B1 /* Order Placed */,
				48E6E5E92E592D170011D47E /* My Account */,
			);
			path = Screens;
			sourceTree = "<group>";
		};
		48D219762E5374E2001343B1 /* Helper */ = {
			isa = PBXGroup;
			children = (
				48D219412E5374D4001343B1 /* APIManager.swift */,
				48E6E5E02E5892940011D47E /* CartManager.swift */,
			);
			path = Helper;
			sourceTree = "<group>";
		};
		48D219772E5374E4001343B1 /* Constant */ = {
			isa = PBXGroup;
			children = (
				48D2198A2E55B046001343B1 /* Constant.swift */,
			);
			path = Constant;
			sourceTree = "<group>";
		};
		48D219782E5374E7001343B1 /* Extensions */ = {
			isa = PBXGroup;
			children = (
				48D219922E566E70001343B1 /* UIImageViewExtension.swift */,
			);
			path = Extensions;
			sourceTree = "<group>";
		};
		48D219792E5374EA001343B1 /* Application */ = {
			isa = PBXGroup;
			children = (
				48D219422E5374D4001343B1 /* AppDelegate.swift */,
				48D219562E5374D4001343B1 /* SceneDelegate.swift */,
			);
			path = Application;
			sourceTree = "<group>";
		};
		48D2197A2E537679001343B1 /* Cart */ = {
			isa = PBXGroup;
			children = (
				48D219872E537713001343B1 /* Model */,
				48D219882E537713001343B1 /* View */,
				48D219892E537713001343B1 /* ViewModal */,
			);
			path = Cart;
			sourceTree = "<group>";
		};
		48D2197B2E53767E001343B1 /* Detailed Menu */ = {
			isa = PBXGroup;
			children = (
				48D219852E537711001343B1 /* View */,
				48D219862E537711001343B1 /* ViewModal */,
			);
			path = "Detailed Menu";
			sourceTree = "<group>";
		};
		48D2197C2E537681001343B1 /* Menu Home */ = {
			isa = PBXGroup;
			children = (
				48D219812E53770E001343B1 /* Model */,
				48D219822E53770E001343B1 /* View */,
				48D219832E53770E001343B1 /* ViewModal */,
			);
			path = "Menu Home";
			sourceTree = "<group>";
		};
		48D2197D2E537684001343B1 /* Order Placed */ = {
			isa = PBXGroup;
			children = (
				48D2197F2E5376B2001343B1 /* View */,
				48D2197E2E5376B0001343B1 /* ViewModal */,
			);
			path = "Order Placed";
			sourceTree = "<group>";
		};
		48D2197E2E5376B0001343B1 /* ViewModal */ = {
			isa = PBXGroup;
			children = (
				48E6E5E62E5928EE0011D47E /* OrderPlacedViewModal.swift */,
			);
			path = ViewModal;
			sourceTree = "<group>";
		};
		48D2197F2E5376B2001343B1 /* View */ = {
			isa = PBXGroup;
			children = (
				48D219542E5374D4001343B1 /* OrderPlacedViewController.swift */,
			);
			path = View;
			sourceTree = "<group>";
		};
		48D219812E53770E001343B1 /* Model */ = {
			isa = PBXGroup;
			children = (
				48D2194F2E5374D4001343B1 /* Menu.swift */,
			);
			path = Model;
			sourceTree = "<group>";
		};
		48D219822E53770E001343B1 /* View */ = {
			isa = PBXGroup;
			children = (
				48D219512E5374D4001343B1 /* MenuViewController.swift */,
				48D2198E2E566072001343B1 /* MenuCollectionViewCell.swift */,
				48D2198F2E566072001343B1 /* MenuCollectionViewCell.xib */,
			);
			path = View;
			sourceTree = "<group>";
		};
		48D219832E53770E001343B1 /* ViewModal */ = {
			isa = PBXGroup;
			children = (
				48D2198C2E55BAA6001343B1 /* MenuViewModal.swift */,
			);
			path = ViewModal;
			sourceTree = "<group>";
		};
		48D219852E537711001343B1 /* View */ = {
			isa = PBXGroup;
			children = (
				48D219572E5374D4001343B1 /* SearchResultViewController.swift */,
				48D219992E574BB1001343B1 /* MenuTableViewCell.swift */,
				48D2199A2E574BB1001343B1 /* MenuTableViewCell.xib */,
			);
			path = View;
			sourceTree = "<group>";
		};
		48D219862E537711001343B1 /* ViewModal */ = {
			isa = PBXGroup;
			children = (
				48D219952E573D77001343B1 /* SearchResultViewModel.swift */,
			);
			path = ViewModal;
			sourceTree = "<group>";
		};
		48D219872E537713001343B1 /* Model */ = {
			isa = PBXGroup;
			children = (
				48D219452E5374D4001343B1 /* CartItem.swift */,
			);
			path = Model;
			sourceTree = "<group>";
		};
		48D219882E537713001343B1 /* View */ = {
			isa = PBXGroup;
			children = (
				48D219462E5374D4001343B1 /* CartTableViewController.swift */,
				48E6E5E22E5906160011D47E /* CartTableViewCell.swift */,
				48E6E5E32E5906160011D47E /* CartTableViewCell.xib */,
			);
			path = View;
			sourceTree = "<group>";
		};
		48D219892E537713001343B1 /* ViewModal */ = {
			isa = PBXGroup;
			children = (
				48E6E5DE2E5890E40011D47E /* CartViewModal.swift */,
			);
			path = ViewModal;
			sourceTree = "<group>";
		};
		48E6E5E82E592D130011D47E /* Home */ = {
			isa = PBXGroup;
			children = (
				487CF15C2E5A4EEF008C2DA6 /* View */,
				487CF15D2E5A4F21008C2DA6 /* ViewModal */,
			);
			path = Home;
			sourceTree = "<group>";
		};
		48E6E5E92E592D170011D47E /* My Account */ = {
			isa = PBXGroup;
			children = (
				487CF1642E5A7387008C2DA6 /* Model */,
				487CF1602E5A65BD008C2DA6 /* View */,
				487CF1612E5A65C6008C2DA6 /* ViewModal */,
			);
			path = "My Account";
			sourceTree = "<group>";
		};
		48E6E5EA2E592D1B0011D47E /* Login Signup */ = {
			isa = PBXGroup;
			children = (
				487CF1532E59D3C2008C2DA6 /* View */,
				487CF1542E59D3CB008C2DA6 /* ViewModal */,
			);
			path = "Login Signup";
			sourceTree = "<group>";
		};
		48E6E5EB2E592DE90011D47E /* New User */ = {
			isa = PBXGroup;
			children = (
				487CF1522E59D349008C2DA6 /* View */,
			);
			path = "New User";
			sourceTree = "<group>";
		};
		48E6E5EC2E592DEC0011D47E /* User Details */ = {
			isa = PBXGroup;
			children = (
				487CF1582E59E0B6008C2DA6 /* View */,
				487CF1592E59E0BD008C2DA6 /* ViewModal */,
			);
			path = "User Details";
			sourceTree = "<group>";
		};
		48E6E5ED2E592E800011D47E /* Launch */ = {
			isa = PBXGroup;
			children = (
			);
			path = Launch;
			sourceTree = "<group>";
		};
/* End PBXGroup section */

/* Begin PBXNativeTarget section */
		485515EB2E44A826002BC3BD /* CafeOrderApp */ = {
			isa = PBXNativeTarget;
			buildConfigurationList = 485515FF2E44A827002BC3BD /* Build configuration list for PBXNativeTarget "CafeOrderApp" */;
			buildPhases = (
				485515E82E44A826002BC3BD /* Sources */,
				485515E92E44A826002BC3BD /* Frameworks */,
				485515EA2E44A826002BC3BD /* Resources */,
			);
			buildRules = (
			);
			dependencies = (
			);
			name = CafeOrderApp;
			packageProductDependencies = (
				4855162C2E44A977002BC3BD /* Kingfisher */,
				485517B02E48ABDE002BC3BD /* FirebaseAuth */,
				485517B22E48ABDE002BC3BD /* FirebaseFirestore */,
			);
			productName = CafeOrderApp;
			productReference = 485515EC2E44A826002BC3BD /* CafeOrderApp.app */;
			productType = "com.apple.product-type.application";
		};
/* End PBXNativeTarget section */

/* Begin PBXProject section */
		485515E42E44A825002BC3BD /* Project object */ = {
			isa = PBXProject;
			attributes = {
				BuildIndependentTargetsInParallel = 1;
				LastSwiftUpdateCheck = 1640;
				LastUpgradeCheck = 1640;
				TargetAttributes = {
					485515EB2E44A826002BC3BD = {
						CreatedOnToolsVersion = 16.4;
					};
				};
			};
			buildConfigurationList = 485515E72E44A825002BC3BD /* Build configuration list for PBXProject "CafeOrderApp" */;
			developmentRegion = en;
			hasScannedForEncodings = 0;
			knownRegions = (
				en,
				Base,
			);
			mainGroup = 485515E32E44A825002BC3BD;
			minimizedProjectReferenceProxies = 1;
			packageReferences = (
				4855162B2E44A977002BC3BD /* XCRemoteSwiftPackageReference "Kingfisher" */,
				485517AF2E48ABDE002BC3BD /* XCRemoteSwiftPackageReference "firebase-ios-sdk" */,
			);
			preferredProjectObjectVersion = 77;
			productRefGroup = 485515ED2E44A826002BC3BD /* Products */;
			projectDirPath = "";
			projectRoot = "";
			targets = (
				485515EB2E44A826002BC3BD /* CafeOrderApp */,
			);
		};
/* End PBXProject section */

/* Begin PBXResourcesBuildPhase section */
		485515EA2E44A826002BC3BD /* Resources */ = {
			isa = PBXResourcesBuildPhase;
			buildActionMask = 2147483647;
			files = (
				48D2199B2E574BB1001343B1 /* MenuTableViewCell.xib in Resources */,
				48D2195B2E5374D4001343B1 /* Assets.xcassets in Resources */,
				48E6E5E52E5906160011D47E /* CartTableViewCell.xib in Resources */,
				48D2195C2E5374D4001343B1 /* GoogleService-Info.plist in Resources */,
				48D219902E566072001343B1 /* MenuCollectionViewCell.xib in Resources */,
				48D2195E2E5374D4001343B1 /* LaunchScreen.storyboard in Resources */,
				48D2195F2E5374D4001343B1 /* Main.storyboard in Resources */,
			);
			runOnlyForDeploymentPostprocessing = 0;
		};
/* End PBXResourcesBuildPhase section */

/* Begin PBXSourcesBuildPhase section */
		485515E82E44A826002BC3BD /* Sources */ = {
			isa = PBXSourcesBuildPhase;
			buildActionMask = 2147483647;
			files = (
				48D219602E5374D4001343B1 /* AddItemViewController.swift in Sources */,
				487CF1562E59D3FA008C2DA6 /* LoginViewModal.swift in Sources */,
				48D219612E5374D4001343B1 /* APIManager.swift in Sources */,
				48D2199C2E574BB1001343B1 /* MenuTableViewCell.swift in Sources */,
				48D219622E5374D4001343B1 /* AppDelegate.swift in Sources */,
				48E6E5E12E5892940011D47E /* CartManager.swift in Sources */,
				487CF15B2E59E0E5008C2DA6 /* UserDetailsViewModal.swift in Sources */,
				487CF15F2E5A4F3B008C2DA6 /* HomeViewModal.swift in Sources */,
				48D219642E5374D4001343B1 /* CartItem.swift in Sources */,
				48D219652E5374D4001343B1 /* CartTableViewController.swift in Sources */,
				48D219662E5374D4001343B1 /* HomeViewController.swift in Sources */,
				48E6E5E42E5906160011D47E /* CartTableViewCell.swift in Sources */,
				48D219912E566072001343B1 /* MenuCollectionViewCell.swift in Sources */,
				48D2198B2E55B046001343B1 /* Constant.swift in Sources */,
				48D219672E5374D4001343B1 /* LogInViewController.swift in Sources */,
				48D219682E5374D4001343B1 /* Menu.swift in Sources */,
				48D2196A2E5374D4001343B1 /* MenuViewController.swift in Sources */,
				48D219962E573D77001343B1 /* SearchResultViewModel.swift in Sources */,
				48D2196B2E5374D4001343B1 /* MyAccountViewController.swift in Sources */,
				48D2198D2E55BAA6001343B1 /* MenuViewModal.swift in Sources */,
				48E6E5DF2E5890E40011D47E /* CartViewModal.swift in Sources */,
				48E6E5E72E5928EE0011D47E /* OrderPlacedViewModal.swift in Sources */,
				48D2196C2E5374D4001343B1 /* NewUserViewController.swift in Sources */,
				48D2196D2E5374D4001343B1 /* OrderPlacedViewController.swift in Sources */,
				48D219932E566E70001343B1 /* UIImageViewExtension.swift in Sources */,
				48D2196F2E5374D4001343B1 /* SceneDelegate.swift in Sources */,
				48D219702E5374D4001343B1 /* SearchResultViewController.swift in Sources */,
				487CF1632E5A65E6008C2DA6 /* MyAccountViewModal.swift in Sources */,
				48D219722E5374D4001343B1 /* UserDetailViewController.swift in Sources */,
				487CF16E2E5B9CF6008C2DA6 /* AddItemViewModal.swift in Sources */,
				487CF1662E5A73AB008C2DA6 /* UserDetails.swift in Sources */,
			);
			runOnlyForDeploymentPostprocessing = 0;
		};
/* End PBXSourcesBuildPhase section */

/* Begin PBXVariantGroup section */
		48D2194B2E5374D4001343B1 /* LaunchScreen.storyboard */ = {
			isa = PBXVariantGroup;
			children = (
				48D2194A2E5374D4001343B1 /* Base */,
			);
			name = LaunchScreen.storyboard;
			sourceTree = "<group>";
		};
		48D2194E2E5374D4001343B1 /* Main.storyboard */ = {
			isa = PBXVariantGroup;
			children = (
				48D2194D2E5374D4001343B1 /* Base */,
			);
			name = Main.storyboard;
			sourceTree = "<group>";
		};
/* End PBXVariantGroup section */

/* Begin XCBuildConfiguration section */
		485516002E44A827002BC3BD /* Debug */ = {
			isa = XCBuildConfiguration;
			buildSettings = {
				ASSETCATALOG_COMPILER_APPICON_NAME = AppIcon;
				ASSETCATALOG_COMPILER_GLOBAL_ACCENT_COLOR_NAME = AccentColor;
				CODE_SIGN_STYLE = Automatic;
				CURRENT_PROJECT_VERSION = 1;
				DEVELOPMENT_TEAM = 9M73M6HWD6;
				GENERATE_INFOPLIST_FILE = YES;
				INFOPLIST_FILE = CafeOrderApp/Info.plist;
				INFOPLIST_KEY_CFBundleDisplayName = "Plot Twist Cafe";
				INFOPLIST_KEY_LSApplicationCategoryType = "public.app-category.food-and-drink";
				INFOPLIST_KEY_UIApplicationSupportsIndirectInputEvents = YES;
				INFOPLIST_KEY_UILaunchStoryboardName = LaunchScreen;
				INFOPLIST_KEY_UIMainStoryboardFile = Main;
				INFOPLIST_KEY_UISupportedInterfaceOrientations = UIInterfaceOrientationPortrait;
				INFOPLIST_KEY_UISupportedInterfaceOrientations_iPad = "UIInterfaceOrientationLandscapeLeft UIInterfaceOrientationLandscapeRight UIInterfaceOrientationPortrait UIInterfaceOrientationPortraitUpsideDown";
				IPHONEOS_DEPLOYMENT_TARGET = 18.0;
				LD_RUNPATH_SEARCH_PATHS = (
					"$(inherited)",
					"@executable_path/Frameworks",
				);
				MARKETING_VERSION = 1.0;
				PRODUCT_BUNDLE_IDENTIFIER = com.example.CafeOrderApp;
				PRODUCT_NAME = "$(TARGET_NAME)";
				SUPPORTED_PLATFORMS = "iphoneos iphonesimulator";
				SUPPORTS_MACCATALYST = NO;
				SUPPORTS_MAC_DESIGNED_FOR_IPHONE_IPAD = NO;
				SUPPORTS_XR_DESIGNED_FOR_IPHONE_IPAD = NO;
				SWIFT_EMIT_LOC_STRINGS = YES;
				SWIFT_VERSION = 5.0;
				TARGETED_DEVICE_FAMILY = 1;
			};
			name = Debug;
		};
		485516012E44A827002BC3BD /* Release */ = {
			isa = XCBuildConfiguration;
			buildSettings = {
				ASSETCATALOG_COMPILER_APPICON_NAME = AppIcon;
				ASSETCATALOG_COMPILER_GLOBAL_ACCENT_COLOR_NAME = AccentColor;
				CODE_SIGN_STYLE = Automatic;
				CURRENT_PROJECT_VERSION = 1;
				DEVELOPMENT_TEAM = 9M73M6HWD6;
				GENERATE_INFOPLIST_FILE = YES;
				INFOPLIST_FILE = CafeOrderApp/Info.plist;
				INFOPLIST_KEY_CFBundleDisplayName = "Plot Twist Cafe";
				INFOPLIST_KEY_LSApplicationCategoryType = "public.app-category.food-and-drink";
				INFOPLIST_KEY_UIApplicationSupportsIndirectInputEvents = YES;
				INFOPLIST_KEY_UILaunchStoryboardName = LaunchScreen;
				INFOPLIST_KEY_UIMainStoryboardFile = Main;
				INFOPLIST_KEY_UISupportedInterfaceOrientations = UIInterfaceOrientationPortrait;
				INFOPLIST_KEY_UISupportedInterfaceOrientations_iPad = "UIInterfaceOrientationLandscapeLeft UIInterfaceOrientationLandscapeRight UIInterfaceOrientationPortrait UIInterfaceOrientationPortraitUpsideDown";
				IPHONEOS_DEPLOYMENT_TARGET = 18.0;
				LD_RUNPATH_SEARCH_PATHS = (
					"$(inherited)",
					"@executable_path/Frameworks",
				);
				MARKETING_VERSION = 1.0;
				PRODUCT_BUNDLE_IDENTIFIER = com.example.CafeOrderApp;
				PRODUCT_NAME = "$(TARGET_NAME)";
				SUPPORTED_PLATFORMS = "iphoneos iphonesimulator";
				SUPPORTS_MACCATALYST = NO;
				SUPPORTS_MAC_DESIGNED_FOR_IPHONE_IPAD = NO;
				SUPPORTS_XR_DESIGNED_FOR_IPHONE_IPAD = NO;
				SWIFT_EMIT_LOC_STRINGS = YES;
				SWIFT_VERSION = 5.0;
				TARGETED_DEVICE_FAMILY = 1;
			};
			name = Release;
		};
		485516022E44A827002BC3BD /* Debug */ = {
			isa = XCBuildConfiguration;
			buildSettings = {
				ALWAYS_SEARCH_USER_PATHS = NO;
				ASSETCATALOG_COMPILER_GENERATE_SWIFT_ASSET_SYMBOL_EXTENSIONS = YES;
				CLANG_ANALYZER_NONNULL = YES;
				CLANG_ANALYZER_NUMBER_OBJECT_CONVERSION = YES_AGGRESSIVE;
				CLANG_CXX_LANGUAGE_STANDARD = "gnu++20";
				CLANG_ENABLE_MODULES = YES;
				CLANG_ENABLE_OBJC_ARC = YES;
				CLANG_ENABLE_OBJC_WEAK = YES;
				CLANG_WARN_BLOCK_CAPTURE_AUTORELEASING = YES;
				CLANG_WARN_BOOL_CONVERSION = YES;
				CLANG_WARN_COMMA = YES;
				CLANG_WARN_CONSTANT_CONVERSION = YES;
				CLANG_WARN_DEPRECATED_OBJC_IMPLEMENTATIONS = YES;
				CLANG_WARN_DIRECT_OBJC_ISA_USAGE = YES_ERROR;
				CLANG_WARN_DOCUMENTATION_COMMENTS = YES;
				CLANG_WARN_EMPTY_BODY = YES;
				CLANG_WARN_ENUM_CONVERSION = YES;
				CLANG_WARN_INFINITE_RECURSION = YES;
				CLANG_WARN_INT_CONVERSION = YES;
				CLANG_WARN_NON_LITERAL_NULL_CONVERSION = YES;
				CLANG_WARN_OBJC_IMPLICIT_RETAIN_SELF = YES;
				CLANG_WARN_OBJC_LITERAL_CONVERSION = YES;
				CLANG_WARN_OBJC_ROOT_CLASS = YES_ERROR;
				CLANG_WARN_QUOTED_INCLUDE_IN_FRAMEWORK_HEADER = YES;
				CLANG_WARN_RANGE_LOOP_ANALYSIS = YES;
				CLANG_WARN_STRICT_PROTOTYPES = YES;
				CLANG_WARN_SUSPICIOUS_MOVE = YES;
				CLANG_WARN_UNGUARDED_AVAILABILITY = YES_AGGRESSIVE;
				CLANG_WARN_UNREACHABLE_CODE = YES;
				CLANG_WARN__DUPLICATE_METHOD_MATCH = YES;
				COPY_PHASE_STRIP = NO;
				DEBUG_INFORMATION_FORMAT = dwarf;
				DEVELOPMENT_TEAM = 9M73M6HWD6;
				ENABLE_STRICT_OBJC_MSGSEND = YES;
				ENABLE_TESTABILITY = YES;
				ENABLE_USER_SCRIPT_SANDBOXING = YES;
				GCC_C_LANGUAGE_STANDARD = gnu17;
				GCC_DYNAMIC_NO_PIC = NO;
				GCC_NO_COMMON_BLOCKS = YES;
				GCC_OPTIMIZATION_LEVEL = 0;
				GCC_PREPROCESSOR_DEFINITIONS = (
					"DEBUG=1",
					"$(inherited)",
				);
				GCC_WARN_64_TO_32_BIT_CONVERSION = YES;
				GCC_WARN_ABOUT_RETURN_TYPE = YES_ERROR;
				GCC_WARN_UNDECLARED_SELECTOR = YES;
				GCC_WARN_UNINITIALIZED_AUTOS = YES_AGGRESSIVE;
				GCC_WARN_UNUSED_FUNCTION = YES;
				GCC_WARN_UNUSED_VARIABLE = YES;
				IPHONEOS_DEPLOYMENT_TARGET = 18.5;
				LOCALIZATION_PREFERS_STRING_CATALOGS = YES;
				MTL_ENABLE_DEBUG_INFO = INCLUDE_SOURCE;
				MTL_FAST_MATH = YES;
				ONLY_ACTIVE_ARCH = YES;
				SDKROOT = iphoneos;
				SWIFT_ACTIVE_COMPILATION_CONDITIONS = "DEBUG $(inherited)";
				SWIFT_OPTIMIZATION_LEVEL = "-Onone";
			};
			name = Debug;
		};
		485516032E44A827002BC3BD /* Release */ = {
			isa = XCBuildConfiguration;
			buildSettings = {
				ALWAYS_SEARCH_USER_PATHS = NO;
				ASSETCATALOG_COMPILER_GENERATE_SWIFT_ASSET_SYMBOL_EXTENSIONS = YES;
				CLANG_ANALYZER_NONNULL = YES;
				CLANG_ANALYZER_NUMBER_OBJECT_CONVERSION = YES_AGGRESSIVE;
				CLANG_CXX_LANGUAGE_STANDARD = "gnu++20";
				CLANG_ENABLE_MODULES = YES;
				CLANG_ENABLE_OBJC_ARC = YES;
				CLANG_ENABLE_OBJC_WEAK = YES;
				CLANG_WARN_BLOCK_CAPTURE_AUTORELEASING = YES;
				CLANG_WARN_BOOL_CONVERSION = YES;
				CLANG_WARN_COMMA = YES;
				CLANG_WARN_CONSTANT_CONVERSION = YES;
				CLANG_WARN_DEPRECATED_OBJC_IMPLEMENTATIONS = YES;
				CLANG_WARN_DIRECT_OBJC_ISA_USAGE = YES_ERROR;
				CLANG_WARN_DOCUMENTATION_COMMENTS = YES;
				CLANG_WARN_EMPTY_BODY = YES;
				CLANG_WARN_ENUM_CONVERSION = YES;
				CLANG_WARN_INFINITE_RECURSION = YES;
				CLANG_WARN_INT_CONVERSION = YES;
				CLANG_WARN_NON_LITERAL_NULL_CONVERSION = YES;
				CLANG_WARN_OBJC_IMPLICIT_RETAIN_SELF = YES;
				CLANG_WARN_OBJC_LITERAL_CONVERSION = YES;
				CLANG_WARN_OBJC_ROOT_CLASS = YES_ERROR;
				CLANG_WARN_QUOTED_INCLUDE_IN_FRAMEWORK_HEADER = YES;
				CLANG_WARN_RANGE_LOOP_ANALYSIS = YES;
				CLANG_WARN_STRICT_PROTOTYPES = YES;
				CLANG_WARN_SUSPICIOUS_MOVE = YES;
				CLANG_WARN_UNGUARDED_AVAILABILITY = YES_AGGRESSIVE;
				CLANG_WARN_UNREACHABLE_CODE = YES;
				CLANG_WARN__DUPLICATE_METHOD_MATCH = YES;
				COPY_PHASE_STRIP = NO;
				DEBUG_INFORMATION_FORMAT = "dwarf-with-dsym";
				DEVELOPMENT_TEAM = 9M73M6HWD6;
				ENABLE_NS_ASSERTIONS = NO;
				ENABLE_STRICT_OBJC_MSGSEND = YES;
				ENABLE_USER_SCRIPT_SANDBOXING = YES;
				GCC_C_LANGUAGE_STANDARD = gnu17;
				GCC_NO_COMMON_BLOCKS = YES;
				GCC_WARN_64_TO_32_BIT_CONVERSION = YES;
				GCC_WARN_ABOUT_RETURN_TYPE = YES_ERROR;
				GCC_WARN_UNDECLARED_SELECTOR = YES;
				GCC_WARN_UNINITIALIZED_AUTOS = YES_AGGRESSIVE;
				GCC_WARN_UNUSED_FUNCTION = YES;
				GCC_WARN_UNUSED_VARIABLE = YES;
				IPHONEOS_DEPLOYMENT_TARGET = 18.5;
				LOCALIZATION_PREFERS_STRING_CATALOGS = YES;
				MTL_ENABLE_DEBUG_INFO = NO;
				MTL_FAST_MATH = YES;
				SDKROOT = iphoneos;
				SWIFT_COMPILATION_MODE = wholemodule;
				VALIDATE_PRODUCT = YES;
			};
			name = Release;
		};
/* End XCBuildConfiguration section */

/* Begin XCConfigurationList section */
		485515E72E44A825002BC3BD /* Build configuration list for PBXProject "CafeOrderApp" */ = {
			isa = XCConfigurationList;
			buildConfigurations = (
				485516022E44A827002BC3BD /* Debug */,
				485516032E44A827002BC3BD /* Release */,
			);
			defaultConfigurationIsVisible = 0;
			defaultConfigurationName = Release;
		};
		485515FF2E44A827002BC3BD /* Build configuration list for PBXNativeTarget "CafeOrderApp" */ = {
			isa = XCConfigurationList;
			buildConfigurations = (
				485516002E44A827002BC3BD /* Debug */,
				485516012E44A827002BC3BD /* Release */,
			);
			defaultConfigurationIsVisible = 0;
			defaultConfigurationName = Release;
		};
/* End XCConfigurationList section */

/* Begin XCRemoteSwiftPackageReference section */
		4855162B2E44A977002BC3BD /* XCRemoteSwiftPackageReference "Kingfisher" */ = {
			isa = XCRemoteSwiftPackageReference;
			repositoryURL = "https://github.com/onevcat/Kingfisher.git";
			requirement = {
				kind = upToNextMajorVersion;
				minimumVersion = 8.5.0;
			};
		};
		485517AF2E48ABDE002BC3BD /* XCRemoteSwiftPackageReference "firebase-ios-sdk" */ = {
			isa = XCRemoteSwiftPackageReference;
			repositoryURL = "https://github.com/firebase/firebase-ios-sdk";
			requirement = {
				kind = upToNextMajorVersion;
				minimumVersion = 12.1.0;
			};
		};
/* End XCRemoteSwiftPackageReference section */

/* Begin XCSwiftPackageProductDependency section */
		4855162C2E44A977002BC3BD /* Kingfisher */ = {
			isa = XCSwiftPackageProductDependency;
			package = 4855162B2E44A977002BC3BD /* XCRemoteSwiftPackageReference "Kingfisher" */;
			productName = Kingfisher;
		};
		485517B02E48ABDE002BC3BD /* FirebaseAuth */ = {
			isa = XCSwiftPackageProductDependency;
			package = 485517AF2E48ABDE002BC3BD /* XCRemoteSwiftPackageReference "firebase-ios-sdk" */;
			productName = FirebaseAuth;
		};
		485517B22E48ABDE002BC3BD /* FirebaseFirestore */ = {
			isa = XCSwiftPackageProductDependency;
			package = 485517AF2E48ABDE002BC3BD /* XCRemoteSwiftPackageReference "firebase-ios-sdk" */;
			productName = FirebaseFirestore;
		};
/* End XCSwiftPackageProductDependency section */
	};
	rootObject = 485515E42E44A825002BC3BD /* Project object */;
}
